
Microsoft Visual Studio Solution File, Format Version 12.00
# Visual Studio Version 17
VisualStudioVersion = 17.11.35327.3
MinimumVisualStudioVersion = 10.0.40219.1
Project("{FAE04EC0-301F-11D3-BF4B-00C04F79EFBC}") = "CourseWorkClient", "CourseWorkClient.csproj", "{0CEE62EA-2E44-4409-82FD-5C7A44F21568}"
EndProject
Global
	GlobalSection(SolutionConfigurationPlatforms) = preSolution
		Debug|Any CPU = Debug|Any CPU
		Release|Any CPU = Release|Any CPU
	EndGlobalSection
	GlobalSection(ProjectConfigurationPlatforms) = postSolution
		{0CEE62EA-2E44-4409-82FD-5C7A44F21568}.Debug|Any CPU.ActiveCfg = Debug|Any CPU
		{0CEE62EA-2E44-4409-82FD-5C7A44F21568}.Debug|Any CPU.Build.0 = Debug|Any CPU
		{0CEE62EA-2E44-4409-82FD-5C7A44F21568}.Release|Any CPU.ActiveCfg = Release|Any CPU
		{0CEE62EA-2E44-4409-82FD-5C7A44F21568}.Release|Any CPU.Build.0 = Release|Any CPU
	EndGlobalSection
	GlobalSection(SolutionProperties) = preSolution
		HideSolutionNode = FALSE
	EndGlobalSection
	GlobalSection(ExtensibilityGlobals) = postSolution
		SolutionGuid = {1C1C1931-203F-4B10-B0BE-CEEFC626309A}
	EndGlobalSection
EndGlobal
